
Microsoft Visual Studio Solution File, Format Version 12.00
# Visual Studio 15
VisualStudioVersion = 15.0.28010.2041
MinimumVisualStudioVersion = 10.0.40219.1
Project("{FAE04EC0-301F-11D3-BF4B-00C04F79EFBC}") = "Dictionary", "Dictionary\Dictionary.csproj", "{1D837357-CDF0-47E7-A2F6-59C395C09C58}"
EndProject
Project("{2150E333-8FDC-42A3-9474-1A3956D46DE8}") = "Solution Items", "Solution Items", "{1D785008-9C52-4D20-B206-8438905C95A7}"
	ProjectSection(SolutionItems) = preProject
		.gitignore = .gitignore
	EndProjectSection
EndProject
Global
	GlobalSection(SolutionConfigurationPlatforms) = preSolution
		Debug|Any CPU = Debug|Any CPU
		Release|Any CPU = Release|Any CPU
	EndGlobalSection
	GlobalSection(ProjectConfigurationPlatforms) = postSolution
		{1D837357-CDF0-47E7-A2F6-59C395C09C58}.Debug|Any CPU.ActiveCfg = Debug|Any CPU
		{1D837357-CDF0-47E7-A2F6-59C395C09C58}.Debug|Any CPU.Build.0 = Debug|Any CPU
		{1D837357-CDF0-47E7-A2F6-59C395C09C58}.Release|Any CPU.ActiveCfg = Release|Any CPU
		{1D837357-CDF0-47E7-A2F6-59C395C09C58}.Release|Any CPU.Build.0 = Release|Any CPU
	EndGlobalSection
	GlobalSection(SolutionProperties) = preSolution
		HideSolutionNode = FALSE
	EndGlobalSection
	GlobalSection(ExtensibilityGlobals) = postSolution
		SolutionGuid = {F88FB0B9-8448-4245-B5FD-08558A455F9F}
	EndGlobalSection
EndGlobal
